
Microsoft Visual Studio Solution File, Format Version 12.00
# Visual Studio Version 16
VisualStudioVersion = 16.0.32106.194
MinimumVisualStudioVersion = 10.0.40219.1
Project("{FAE04EC0-301F-11D3-BF4B-00C04F79EFBC}") = "StartWithConsole", "StartWithConsole\StartWithConsole.csproj", "{62C11B9E-3323-4747-87A9-A039788F2319}"
EndProject
Global
	GlobalSection(SolutionConfigurationPlatforms) = preSolution
		Debug|Any CPU = Debug|Any CPU
		Release|Any CPU = Release|Any CPU
	EndGlobalSection
	GlobalSection(ProjectConfigurationPlatforms) = postSolution
		{62C11B9E-3323-4747-87A9-A039788F2319}.Debug|Any CPU.ActiveCfg = Debug|Any CPU
		{62C11B9E-3323-4747-87A9-A039788F2319}.Debug|Any CPU.Build.0 = Debug|Any CPU
		{62C11B9E-3323-4747-87A9-A039788F2319}.Release|Any CPU.ActiveCfg = Release|Any CPU
		{62C11B9E-3323-4747-87A9-A039788F2319}.Release|Any CPU.Build.0 = Release|Any CPU
	EndGlobalSection
	GlobalSection(SolutionProperties) = preSolution
		HideSolutionNode = FALSE
	EndGlobalSection
	GlobalSection(ExtensibilityGlobals) = postSolution
		SolutionGuid = {E3CDE4BE-666B-447E-BABB-814BF758F780}
	EndGlobalSection
EndGlobal
